{
  "name": "asp.net",
  "version": "1.0.0",
  "lockfileVersion": 1,
  "requires": true,
  "dependencies": {
    "@syncfusion/ej2-js-es5": {
      "version": "17.3.14",
      "resolved": "https://registry.npmjs.org/@syncfusion/ej2-js-es5/-/ej2-js-es5-17.3.14.tgz",
      "integrity": "sha512-OaTypzaKkJkGPbYs7OdSvNxaut0QtreCsC9WbqQaGtvMmklBkTnk9JLhxeyOd66mHDpnZS3v7flXQxsvKBouog==",
      "dev": true
    }
  }
}
